<?xml version="1.0" encoding="utf-8"?>
<Project ToolsVersion="4.0" xmlns="http://schemas.microsoft.com/developer/msbuild/2003">
  <ItemGroup>
    <Filter Include="Archivos de origen">
      <UniqueIdentifier>{4FC737F1-C7A5-4376-A066-2A32D752A2FF}</UniqueIdentifier>
      <Extensions>cpp;c;cc;cxx;c++;cppm;ixx;def;odl;idl;hpj;bat;asm;asmx</Extensions>
    </Filter>
    <Filter Include="Archivos de encabezado">
      <UniqueIdentifier>{93995380-89BD-4b04-88EB-625FBE52EBFB}</UniqueIdentifier>
      <Extensions>h;hh;hpp;hxx;h++;hm;inl;inc;ipp;xsd</Extensions>
    </Filter>
    <Filter Include="Archivos de recursos">
      <UniqueIdentifier>{67DA6AB6-F800-4c08-8B7A-83BB121AAD01}</UniqueIdentifier>
      <Extensions>rc;ico;cur;bmp;dlg;rc2;rct;bin;rgs;gif;jpg;jpeg;jpe;resx;tiff;tif;png;wav;mfcribbon-ms</Extensions>
    </Filter>
  </ItemGroup>
  <ItemGroup>
    <ClCompile Include="main.cpp">
      <Filter>Archivos de origen</Filter>
    </ClCompile>
    <ClCompile Include="Enemy.cpp">
      <Filter>Archivos de encabezado</Filter>
    </ClCompile>
    <ClCompile Include="Entity.cpp">
      <Filter>Archivos de encabezado</Filter>
    </ClCompile>
    <ClCompile Include="Player.cpp">
      <Filter>Archivos de encabezado</Filter>
    </ClCompile>
    <ClCompile Include="Settings.cpp">
      <Filter>Archivos de encabezado</Filter>
    </ClCompile>
  </ItemGroup>
  <ItemGroup>
    <ClInclude Include="player.h">
      <Filter>Archivos de encabezado</Filter>
    </ClInclude>
    <ClInclude Include="Enemy.h">
      <Filter>Archivos de encabezado</Filter>
    </ClInclude>
    <ClInclude Include="Entity.h">
      <Filter>Archivos de encabezado</Filter>
    </ClInclude>
    <ClInclude Include="Settings.h">
      <Filter>Archivos de encabezado</Filter>
    </ClInclude>
  </ItemGroup>
  <ItemGroup>
    <Image Include="assets\playersprites.png">
      <Filter>Archivos de recursos</Filter>
    </Image>
    <Image Include="..\GameUCSP2023-Cris\assets\playersprite_down1.png">
      <Filter>Archivos de recursos</Filter>
    </Image>
    <Image Include="..\GameUCSP2023-Cris\assets\playersprite_down2.png">
      <Filter>Archivos de recursos</Filter>
    </Image>
    <Image Include="..\GameUCSP2023-Cris\assets\playersprite_down3.png">
      <Filter>Archivos de recursos</Filter>
    </Image>
    <Image Include="..\GameUCSP2023-Cris\assets\playersprite_down4.png">
      <Filter>Archivos de recursos</Filter>
    </Image>
    <Image Include="..\GameUCSP2023-Cris\assets\playersprite_left1.png">
      <Filter>Archivos de recursos</Filter>
    </Image>
    <Image Include="..\GameUCSP2023-Cris\assets\playersprite_left2.png">
      <Filter>Archivos de recursos</Filter>
    </Image>
    <Image Include="..\GameUCSP2023-Cris\assets\playersprite_left3.png">
      <Filter>Archivos de recursos</Filter>
    </Image>
    <Image Include="..\GameUCSP2023-Cris\assets\playersprite_left4.png">
      <Filter>Archivos de recursos</Filter>
    </Image>
    <Image Include="..\GameUCSP2023-Cris\assets\playersprite_right1.png">
      <Filter>Archivos de recursos</Filter>
    </Image>
    <Image Include="..\GameUCSP2023-Cris\assets\playersprite_right2.png">
      <Filter>Archivos de recursos</Filter>
    </Image>
    <Image Include="..\GameUCSP2023-Cris\assets\playersprite_right3.png">
      <Filter>Archivos de recursos</Filter>
    </Image>
    <Image Include="..\GameUCSP2023-Cris\assets\playersprite_right4.png">
      <Filter>Archivos de recursos</Filter>
    </Image>
    <Image Include="..\GameUCSP2023-Cris\assets\playersprite_up1.png">
      <Filter>Archivos de recursos</Filter>
    </Image>
    <Image Include="..\GameUCSP2023-Cris\assets\playersprite_up2.png">
      <Filter>Archivos de recursos</Filter>
    </Image>
    <Image Include="..\GameUCSP2023-Cris\assets\playersprite_up3.png">
      <Filter>Archivos de recursos</Filter>
    </Image>
    <Image Include="..\GameUCSP2023-Cris\assets\playersprite_up4.png">
      <Filter>Archivos de recursos</Filter>
    </Image>
    <Image Include="..\GameUCSP2023-Cris\assets\playersprites.png">
      <Filter>Archivos de recursos</Filter>
    </Image>
    <Image Include="..\GameUCSP2023-Cris\assets\walksprites.png">
      <Filter>Archivos de recursos</Filter>
    </Image>
    <Image Include="assets\map.png">
      <Filter>Archivos de recursos</Filter>
    </Image>
    <Image Include="assets\playersprite_death.png">
      <Filter>Archivos de recursos</Filter>
    </Image>
    <Image Include="assets\enemysprite_down1.png">
      <Filter>Archivos de recursos</Filter>
    </Image>
    <Image Include="assets\enemysprite_down2.png">
      <Filter>Archivos de recursos</Filter>
    </Image>
    <Image Include="assets\enemysprite_down3.png">
      <Filter>Archivos de recursos</Filter>
    </Image>
    <Image Include="assets\enemysprite_down4.png">
      <Filter>Archivos de recursos</Filter>
    </Image>
    <Image Include="assets\enemysprite_left1.png">
      <Filter>Archivos de recursos</Filter>
    </Image>
    <Image Include="assets\enemysprite_left2.png">
      <Filter>Archivos de recursos</Filter>
    </Image>
    <Image Include="assets\enemysprite_left3.png">
      <Filter>Archivos de recursos</Filter>
    </Image>
    <Image Include="assets\enemysprite_left4.png">
      <Filter>Archivos de recursos</Filter>
    </Image>
    <Image Include="assets\enemysprite_right1.png">
      <Filter>Archivos de recursos</Filter>
    </Image>
    <Image Include="assets\enemysprite_right2.png">
      <Filter>Archivos de recursos</Filter>
    </Image>
    <Image Include="assets\enemysprite_right3.png">
      <Filter>Archivos de recursos</Filter>
    </Image>
    <Image Include="assets\enemysprite_right4.png">
      <Filter>Archivos de recursos</Filter>
    </Image>
    <Image Include="assets\enemysprite_up1.png">
      <Filter>Archivos de recursos</Filter>
    </Image>
    <Image Include="assets\enemysprite_up2.png">
      <Filter>Archivos de recursos</Filter>
    </Image>
    <Image Include="assets\enemysprite_up3.png">
      <Filter>Archivos de recursos</Filter>
    </Image>
    <Image Include="assets\enemysprite_up4.png">
      <Filter>Archivos de recursos</Filter>
    </Image>
  </ItemGroup>
  <ItemGroup>
    <Text Include="assets\limit_map.txt">
      <Filter>Archivos de recursos</Filter>
    </Text>
  </ItemGroup>
  <ItemGroup>
    <None Include="ClassDiagram1.cd" />
  </ItemGroup>
</Project>